
Microsoft Visual Studio Solution File, Format Version 12.00
# Visual Studio 15
VisualStudioVersion = 15.0.28010.2026
MinimumVisualStudioVersion = 10.0.40219.1
Project("{FAE04EC0-301F-11D3-BF4B-00C04F79EFBC}") = "ClassroomTimer", "ClassroomTimer\ClassroomTimer.csproj", "{FB065579-CD16-488D-90A7-8C750EC53C22}"
EndProject
Global
	GlobalSection(SolutionConfigurationPlatforms) = preSolution
		Debug|Any CPU = Debug|Any CPU
		Release|Any CPU = Release|Any CPU
	EndGlobalSection
	GlobalSection(ProjectConfigurationPlatforms) = postSolution
		{FB065579-CD16-488D-90A7-8C750EC53C22}.Debug|Any CPU.ActiveCfg = Debug|Any CPU
		{FB065579-CD16-488D-90A7-8C750EC53C22}.Debug|Any CPU.Build.0 = Debug|Any CPU
		{FB065579-CD16-488D-90A7-8C750EC53C22}.Release|Any CPU.ActiveCfg = Release|Any CPU
		{FB065579-CD16-488D-90A7-8C750EC53C22}.Release|Any CPU.Build.0 = Release|Any CPU
	EndGlobalSection
	GlobalSection(SolutionProperties) = preSolution
		HideSolutionNode = FALSE
	EndGlobalSection
	GlobalSection(ExtensibilityGlobals) = postSolution
		SolutionGuid = {FA446FE3-4735-4E9C-A612-46178ECCE68B}
	EndGlobalSection
EndGlobal
